
Microsoft Visual Studio Solution File, Format Version 12.00
# Visual Studio Version 16
VisualStudioVersion = 16.0.31911.196
MinimumVisualStudioVersion = 10.0.40219.1
Project("{FAE04EC0-301F-11D3-BF4B-00C04F79EFBC}") = "Lab18", "Lab18\Lab18.csproj", "{2081BC71-C8C7-400A-AF45-8D8AB10DD52B}"
EndProject
Global
	GlobalSection(SolutionConfigurationPlatforms) = preSolution
		Debug|Any CPU = Debug|Any CPU
		Release|Any CPU = Release|Any CPU
	EndGlobalSection
	GlobalSection(ProjectConfigurationPlatforms) = postSolution
		{2081BC71-C8C7-400A-AF45-8D8AB10DD52B}.Debug|Any CPU.ActiveCfg = Debug|Any CPU
		{2081BC71-C8C7-400A-AF45-8D8AB10DD52B}.Debug|Any CPU.Build.0 = Debug|Any CPU
		{2081BC71-C8C7-400A-AF45-8D8AB10DD52B}.Release|Any CPU.ActiveCfg = Release|Any CPU
		{2081BC71-C8C7-400A-AF45-8D8AB10DD52B}.Release|Any CPU.Build.0 = Release|Any CPU
	EndGlobalSection
	GlobalSection(SolutionProperties) = preSolution
		HideSolutionNode = FALSE
	EndGlobalSection
	GlobalSection(ExtensibilityGlobals) = postSolution
		SolutionGuid = {D5851BD7-C816-481A-A528-836D261C9370}
	EndGlobalSection
EndGlobal
